PODS:
  - AsyncDisplayKit (1.0.1):
    - AsyncDisplayKit/ASDealloc2MainObject (= 1.0.1)
  - AsyncDisplayKit/ASDealloc2MainObject (1.0.1)
  - hpple (0.2.0)

DEPENDENCIES:
  - AsyncDisplayKit
  - hpple (~> 0.2.0)

SPEC CHECKSUMS:
  AsyncDisplayKit: 1bbf78b78795370cc191b15ad7755683c32cc927
  hpple: f4eb7c21a8db83ec264e5d614ec7509e10e5adec

COCOAPODS: 0.35.0
