// !$*UTF8*$!
{
	archiveVersion = 1;
	classes = {
	};
	objectVersion = 46;
	objects = {

/* Begin PBXBuildFile section */
		386261731A2615D000B7DE8F /* CoverController.swift in Sources */ = {isa = PBXBuildFile; fileRef = 386261721A2615D000B7DE8F /* CoverController.swift */; };
		386261771A26264B00B7DE8F /* MeizhiObject.swift in Sources */ = {isa = PBXBuildFile; fileRef = 386261761A26264B00B7DE8F /* MeizhiObject.swift */; };
		3862617A1A26338200B7DE8F /* SwipeView.m in Sources */ = {isa = PBXBuildFile; fileRef = 386261791A26338200B7DE8F /* SwipeView.m */; };
		3862618A1A27181500B7DE8F /* CoverTableCell.swift in Sources */ = {isa = PBXBuildFile; fileRef = 386261891A27181500B7DE8F /* CoverTableCell.swift */; };
		3862618D1A27623D00B7DE8F /* LoadingView.swift in Sources */ = {isa = PBXBuildFile; fileRef = 3862618C1A27623D00B7DE8F /* LoadingView.swift */; };
		386261AE1A27817D00B7DE8F /* JTSAnimatedGIFUtility.m in Sources */ = {isa = PBXBuildFile; fileRef = 386261A31A27817D00B7DE8F /* JTSAnimatedGIFUtility.m */; };
		386261AF1A27817D00B7DE8F /* JTSImageInfo.m in Sources */ = {isa = PBXBuildFile; fileRef = 386261A51A27817D00B7DE8F /* JTSImageInfo.m */; };
		386261B01A27817D00B7DE8F /* JTSImageViewController.m in Sources */ = {isa = PBXBuildFile; fileRef = 386261A71A27817D00B7DE8F /* JTSImageViewController.m */; };
		386261B11A27817D00B7DE8F /* JTSSimpleImageDownloader.m in Sources */ = {isa = PBXBuildFile; fileRef = 386261A91A27817D00B7DE8F /* JTSSimpleImageDownloader.m */; };
		386261B21A27817D00B7DE8F /* UIApplication+JTSImageViewController.m in Sources */ = {isa = PBXBuildFile; fileRef = 386261AB1A27817D00B7DE8F /* UIApplication+JTSImageViewController.m */; };
		386261B31A27817D00B7DE8F /* UIImage+JTSImageEffects.m in Sources */ = {isa = PBXBuildFile; fileRef = 386261AD1A27817D00B7DE8F /* UIImage+JTSImageEffects.m */; };
		386261B71A27957F00B7DE8F /* LaunchScreen.xib in Resources */ = {isa = PBXBuildFile; fileRef = 386261B51A27957F00B7DE8F /* LaunchScreen.xib */; };
		386261B91A27958300B7DE8F /* Images.xcassets in Resources */ = {isa = PBXBuildFile; fileRef = 386261B81A27958300B7DE8F /* Images.xcassets */; };
		38B3E3A61A23A7F10018F07D /* AppDelegate.swift in Sources */ = {isa = PBXBuildFile; fileRef = 38B3E3A51A23A7F10018F07D /* AppDelegate.swift */; };
		38B3E3AB1A23A7F10018F07D /* Main.storyboard in Resources */ = {isa = PBXBuildFile; fileRef = 38B3E3A91A23A7F10018F07D /* Main.storyboard */; };
		38B3E3BC1A23A7F10018F07D /* Meizhi_SwiftTests.swift in Sources */ = {isa = PBXBuildFile; fileRef = 38B3E3BB1A23A7F10018F07D /* Meizhi_SwiftTests.swift */; };
		38B3E3D01A23AA710018F07D /* Alamofire.framework in Copy Frameworks */ = {isa = PBXBuildFile; fileRef = 38B3E3CB1A23A9D90018F07D /* Alamofire.framework */; settings = {ATTRIBUTES = (CodeSignOnCopy, RemoveHeadersOnCopy, ); }; };
		38B3E3D81A2425500018F07D /* Gallary.swift in Sources */ = {isa = PBXBuildFile; fileRef = 38B3E3D71A2425500018F07D /* Gallary.swift */; };
		38B3E3DA1A24255B0018F07D /* Cover.swift in Sources */ = {isa = PBXBuildFile; fileRef = 38B3E3D91A24255B0018F07D /* Cover.swift */; };
		38B3E3DC1A2425FE0018F07D /* GallaryController.swift in Sources */ = {isa = PBXBuildFile; fileRef = 38B3E3DB1A2425FE0018F07D /* GallaryController.swift */; };
		38B3E3DE1A2426440018F07D /* BaseController.swift in Sources */ = {isa = PBXBuildFile; fileRef = 38B3E3DD1A2426440018F07D /* BaseController.swift */; };
		38D369E41A24E89F003A8364 /* GallaryCell.swift in Sources */ = {isa = PBXBuildFile; fileRef = 38D369E31A24E89F003A8364 /* GallaryCell.swift */; };
		38D369ED1A24F8B5003A8364 /* GallaryViewLayout.swift in Sources */ = {isa = PBXBuildFile; fileRef = 38D369EC1A24F8B5003A8364 /* GallaryViewLayout.swift */; };
		DB7514AD0F5EC9C7485F35B2 /* libPods.a in Frameworks */ = {isa = PBXBuildFile; fileRef = 823F5C50CEF0D2AD2A1BE79E /* libPods.a */; };
/* End PBXBuildFile section */

/* Begin PBXContainerItemProxy section */
		38B3E3B61A23A7F10018F07D /* PBXContainerItemProxy */ = {
			isa = PBXContainerItemProxy;
			containerPortal = 38B3E3981A23A7F10018F07D /* Project object */;
			proxyType = 1;
			remoteGlobalIDString = 38B3E39F1A23A7F10018F07D;
			remoteInfo = "Meizhi-Swift";
		};
		38B3E3CA1A23A9D90018F07D /* PBXContainerItemProxy */ = {
			isa = PBXContainerItemProxy;
			containerPortal = 38B3E3C51A23A9D90018F07D /* Alamofire.xcodeproj */;
			proxyType = 2;
			remoteGlobalIDString = F8111E3319A95C8B0040E7D1;
			remoteInfo = Alamofire;
		};
		38B3E3CC1A23A9D90018F07D /* PBXContainerItemProxy */ = {
			isa = PBXContainerItemProxy;
			containerPortal = 38B3E3C51A23A9D90018F07D /* Alamofire.xcodeproj */;
			proxyType = 2;
			remoteGlobalIDString = F8111E3E19A95C8B0040E7D1;
			remoteInfo = AlamofireTests;
		};
/* End PBXContainerItemProxy section */

/* Begin PBXCopyFilesBuildPhase section */
		38B3E3CF1A23AA650018F07D /* Copy Frameworks */ = {
			isa = PBXCopyFilesBuildPhase;
			buildActionMask = 2147483647;
			dstPath = "";
			dstSubfolderSpec = 10;
			files = (
				38B3E3D01A23AA710018F07D /* Alamofire.framework in Copy Frameworks */,
			);
			name = "Copy Frameworks";
			runOnlyForDeploymentPostprocessing = 0;
		};
/* End PBXCopyFilesBuildPhase section */

/* Begin PBXFileReference section */
		386261721A2615D000B7DE8F /* CoverController.swift */ = {isa = PBXFileReference; fileEncoding = 4; lastKnownFileType = sourcecode.swift; path = CoverController.swift; sourceTree = "<group>"; };
		386261761A26264B00B7DE8F /* MeizhiObject.swift */ = {isa = PBXFileReference; fileEncoding = 4; lastKnownFileType = sourcecode.swift; path = MeizhiObject.swift; sourceTree = "<group>"; };
		386261781A26338200B7DE8F /* SwipeView.h */ = {isa = PBXFileReference; fileEncoding = 4; lastKnownFileType = sourcecode.c.h; path = SwipeView.h; sourceTree = "<group>"; };
		386261791A26338200B7DE8F /* SwipeView.m */ = {isa = PBXFileReference; fileEncoding = 4; lastKnownFileType = sourcecode.c.objc; path = SwipeView.m; sourceTree = "<group>"; };
		386261891A27181500B7DE8F /* CoverTableCell.swift */ = {isa = PBXFileReference; fileEncoding = 4; lastKnownFileType = sourcecode.swift; path = CoverTableCell.swift; sourceTree = "<group>"; };
		3862618C1A27623D00B7DE8F /* LoadingView.swift */ = {isa = PBXFileReference; fileEncoding = 4; lastKnownFileType = sourcecode.swift; path = LoadingView.swift; sourceTree = "<group>"; };
		386261A21A27817D00B7DE8F /* JTSAnimatedGIFUtility.h */ = {isa = PBXFileReference; fileEncoding = 4; lastKnownFileType = sourcecode.c.h; path = JTSAnimatedGIFUtility.h; sourceTree = "<group>"; };
		386261A31A27817D00B7DE8F /* JTSAnimatedGIFUtility.m */ = {isa = PBXFileReference; fileEncoding = 4; lastKnownFileType = sourcecode.c.objc; path = JTSAnimatedGIFUtility.m; sourceTree = "<group>"; };
		386261A41A27817D00B7DE8F /* JTSImageInfo.h */ = {isa = PBXFileReference; fileEncoding = 4; lastKnownFileType = sourcecode.c.h; path = JTSImageInfo.h; sourceTree = "<group>"; };
		386261A51A27817D00B7DE8F /* JTSImageInfo.m */ = {isa = PBXFileReference; fileEncoding = 4; lastKnownFileType = sourcecode.c.objc; path = JTSImageInfo.m; sourceTree = "<group>"; };
		386261A61A27817D00B7DE8F /* JTSImageViewController.h */ = {isa = PBXFileReference; fileEncoding = 4; lastKnownFileType = sourcecode.c.h; path = JTSImageViewController.h; sourceTree = "<group>"; };
		386261A71A27817D00B7DE8F /* JTSImageViewController.m */ = {isa = PBXFileReference; fileEncoding = 4; lastKnownFileType = sourcecode.c.objc; path = JTSImageViewController.m; sourceTree = "<group>"; };
		386261A81A27817D00B7DE8F /* JTSSimpleImageDownloader.h */ = {isa = PBXFileReference; fileEncoding = 4; lastKnownFileType = sourcecode.c.h; path = JTSSimpleImageDownloader.h; sourceTree = "<group>"; };
		386261A91A27817D00B7DE8F /* JTSSimpleImageDownloader.m */ = {isa = PBXFileReference; fileEncoding = 4; lastKnownFileType = sourcecode.c.objc; path = JTSSimpleImageDownloader.m; sourceTree = "<group>"; };
		386261AA1A27817D00B7DE8F /* UIApplication+JTSImageViewController.h */ = {isa = PBXFileReference; fileEncoding = 4; lastKnownFileType = sourcecode.c.h; path = "UIApplication+JTSImageViewController.h"; sourceTree = "<group>"; };
		386261AB1A27817D00B7DE8F /* UIApplication+JTSImageViewController.m */ = {isa = PBXFileReference; fileEncoding = 4; lastKnownFileType = sourcecode.c.objc; path = "UIApplication+JTSImageViewController.m"; sourceTree = "<group>"; };
		386261AC1A27817D00B7DE8F /* UIImage+JTSImageEffects.h */ = {isa = PBXFileReference; fileEncoding = 4; lastKnownFileType = sourcecode.c.h; path = "UIImage+JTSImageEffects.h"; sourceTree = "<group>"; };
		386261AD1A27817D00B7DE8F /* UIImage+JTSImageEffects.m */ = {isa = PBXFileReference; fileEncoding = 4; lastKnownFileType = sourcecode.c.objc; path = "UIImage+JTSImageEffects.m"; sourceTree = "<group>"; };
		386261B61A27957F00B7DE8F /* Base */ = {isa = PBXFileReference; lastKnownFileType = file.xib; name = Base; path = "Meizhi-Swift/Base.lproj/LaunchScreen.xib"; sourceTree = SOURCE_ROOT; };
		386261B81A27958300B7DE8F /* Images.xcassets */ = {isa = PBXFileReference; lastKnownFileType = folder.assetcatalog; name = Images.xcassets; path = "Meizhi-Swift/Images.xcassets"; sourceTree = SOURCE_ROOT; };
		38B3E3A01A23A7F10018F07D /* Meizhi-Swift.app */ = {isa = PBXFileReference; explicitFileType = wrapper.application; includeInIndex = 0; path = "Meizhi-Swift.app"; sourceTree = BUILT_PRODUCTS_DIR; };
		38B3E3A41A23A7F10018F07D /* Info.plist */ = {isa = PBXFileReference; lastKnownFileType = text.plist.xml; path = Info.plist; sourceTree = "<group>"; };
		38B3E3A51A23A7F10018F07D /* AppDelegate.swift */ = {isa = PBXFileReference; lastKnownFileType = sourcecode.swift; path = AppDelegate.swift; sourceTree = "<group>"; };
		38B3E3AA1A23A7F10018F07D /* Base */ = {isa = PBXFileReference; lastKnownFileType = file.storyboard; name = Base; path = Base.lproj/Main.storyboard; sourceTree = "<group>"; };
		38B3E3B51A23A7F10018F07D /* Meizhi-SwiftTests.xctest */ = {isa = PBXFileReference; explicitFileType = wrapper.cfbundle; includeInIndex = 0; path = "Meizhi-SwiftTests.xctest"; sourceTree = BUILT_PRODUCTS_DIR; };
		38B3E3BA1A23A7F10018F07D /* Info.plist */ = {isa = PBXFileReference; lastKnownFileType = text.plist.xml; path = Info.plist; sourceTree = "<group>"; };
		38B3E3BB1A23A7F10018F07D /* Meizhi_SwiftTests.swift */ = {isa = PBXFileReference; lastKnownFileType = sourcecode.swift; path = Meizhi_SwiftTests.swift; sourceTree = "<group>"; };
		38B3E3C51A23A9D90018F07D /* Alamofire.xcodeproj */ = {isa = PBXFileReference; lastKnownFileType = "wrapper.pb-project"; name = Alamofire.xcodeproj; path = Alamofire/Alamofire.xcodeproj; sourceTree = SOURCE_ROOT; };
		38B3E3D71A2425500018F07D /* Gallary.swift */ = {isa = PBXFileReference; fileEncoding = 4; lastKnownFileType = sourcecode.swift; path = Gallary.swift; sourceTree = "<group>"; };
		38B3E3D91A24255B0018F07D /* Cover.swift */ = {isa = PBXFileReference; fileEncoding = 4; lastKnownFileType = sourcecode.swift; path = Cover.swift; sourceTree = "<group>"; };
		38B3E3DB1A2425FE0018F07D /* GallaryController.swift */ = {isa = PBXFileReference; fileEncoding = 4; lastKnownFileType = sourcecode.swift; path = GallaryController.swift; sourceTree = "<group>"; };
		38B3E3DD1A2426440018F07D /* BaseController.swift */ = {isa = PBXFileReference; fileEncoding = 4; lastKnownFileType = sourcecode.swift; path = BaseController.swift; sourceTree = "<group>"; };
		38B3E3DF1A242BA70018F07D /* Meizhi-Swift-Bridging-Header.h */ = {isa = PBXFileReference; lastKnownFileType = sourcecode.c.h; path = "Meizhi-Swift-Bridging-Header.h"; sourceTree = "<group>"; };
		38D369E31A24E89F003A8364 /* GallaryCell.swift */ = {isa = PBXFileReference; fileEncoding = 4; lastKnownFileType = sourcecode.swift; path = GallaryCell.swift; sourceTree = "<group>"; };
		38D369EC1A24F8B5003A8364 /* GallaryViewLayout.swift */ = {isa = PBXFileReference; fileEncoding = 4; lastKnownFileType = sourcecode.swift; path = GallaryViewLayout.swift; sourceTree = "<group>"; };
		707B846CCF39D5AA4DA0A12A /* Pods.debug.xcconfig */ = {isa = PBXFileReference; includeInIndex = 1; lastKnownFileType = text.xcconfig; name = Pods.debug.xcconfig; path = "Pods/Target Support Files/Pods/Pods.debug.xcconfig"; sourceTree = "<group>"; };
		823F5C50CEF0D2AD2A1BE79E /* libPods.a */ = {isa = PBXFileReference; explicitFileType = archive.ar; includeInIndex = 0; path = libPods.a; sourceTree = BUILT_PRODUCTS_DIR; };
		F8ED673EA89167307A38088B /* Pods.release.xcconfig */ = {isa = PBXFileReference; includeInIndex = 1; lastKnownFileType = text.xcconfig; name = Pods.release.xcconfig; path = "Pods/Target Support Files/Pods/Pods.release.xcconfig"; sourceTree = "<group>"; };
/* End PBXFileReference section */

/* Begin PBXFrameworksBuildPhase section */
		38B3E39D1A23A7F10018F07D /* Frameworks */ = {
			isa = PBXFrameworksBuildPhase;
			buildActionMask = 2147483647;
			files = (
				DB7514AD0F5EC9C7485F35B2 /* libPods.a in Frameworks */,
			);
			runOnlyForDeploymentPostprocessing = 0;
		};
		38B3E3B21A23A7F10018F07D /* Frameworks */ = {
			isa = PBXFrameworksBuildPhase;
			buildActionMask = 2147483647;
			files = (
			);
			runOnlyForDeploymentPostprocessing = 0;
		};
/* End PBXFrameworksBuildPhase section */

/* Begin PBXGroup section */
		1A75EB6B3AD5F88D0D4AFE2C /* Pods */ = {
			isa = PBXGroup;
			children = (
				707B846CCF39D5AA4DA0A12A /* Pods.debug.xcconfig */,
				F8ED673EA89167307A38088B /* Pods.release.xcconfig */,
			);
			name = Pods;
			sourceTree = "<group>";
		};
		3862618B1A27620D00B7DE8F /* Loding */ = {
			isa = PBXGroup;
			children = (
				3862618C1A27623D00B7DE8F /* LoadingView.swift */,
			);
			name = Loding;
			sourceTree = "<group>";
		};
		386261A11A27817D00B7DE8F /* JTSImageViewController */ = {
			isa = PBXGroup;
			children = (
				386261A21A27817D00B7DE8F /* JTSAnimatedGIFUtility.h */,
				386261A31A27817D00B7DE8F /* JTSAnimatedGIFUtility.m */,
				386261A41A27817D00B7DE8F /* JTSImageInfo.h */,
				386261A51A27817D00B7DE8F /* JTSImageInfo.m */,
				386261A61A27817D00B7DE8F /* JTSImageViewController.h */,
				386261A71A27817D00B7DE8F /* JTSImageViewController.m */,
				386261A81A27817D00B7DE8F /* JTSSimpleImageDownloader.h */,
				386261A91A27817D00B7DE8F /* JTSSimpleImageDownloader.m */,
				386261AA1A27817D00B7DE8F /* UIApplication+JTSImageViewController.h */,
				386261AB1A27817D00B7DE8F /* UIApplication+JTSImageViewController.m */,
				386261AC1A27817D00B7DE8F /* UIImage+JTSImageEffects.h */,
				386261AD1A27817D00B7DE8F /* UIImage+JTSImageEffects.m */,
			);
			path = JTSImageViewController;
			sourceTree = "<group>";
		};
		38B3E3971A23A7F10018F07D = {
			isa = PBXGroup;
			children = (
				38B3E3A21A23A7F10018F07D /* Meizhi-Swift */,
				38B3E3B81A23A7F10018F07D /* Meizhi-SwiftTests */,
				38B3E3A11A23A7F10018F07D /* Products */,
				1A75EB6B3AD5F88D0D4AFE2C /* Pods */,
				4752E9E69CC95D4587315AA5 /* Frameworks */,
			);
			sourceTree = "<group>";
		};
		38B3E3A11A23A7F10018F07D /* Products */ = {
			isa = PBXGroup;
			children = (
				38B3E3A01A23A7F10018F07D /* Meizhi-Swift.app */,
				38B3E3B51A23A7F10018F07D /* Meizhi-SwiftTests.xctest */,
			);
			name = Products;
			sourceTree = "<group>";
		};
		38B3E3A21A23A7F10018F07D /* Meizhi-Swift */ = {
			isa = PBXGroup;
			children = (
				38B3E3A91A23A7F10018F07D /* Main.storyboard */,
				38B3E3D11A2423580018F07D /* Resource */,
				38B3E3D21A2423580018F07D /* Scene */,
				38B3E3D31A2423580018F07D /* Tool */,
				38B3E3D41A2423580018F07D /* Vendor */,
				38B3E3A51A23A7F10018F07D /* AppDelegate.swift */,
				38B3E3A31A23A7F10018F07D /* Supporting Files */,
			);
			path = "Meizhi-Swift";
			sourceTree = "<group>";
		};
		38B3E3A31A23A7F10018F07D /* Supporting Files */ = {
			isa = PBXGroup;
			children = (
				38B3E3C51A23A9D90018F07D /* Alamofire.xcodeproj */,
				38B3E3A41A23A7F10018F07D /* Info.plist */,
			);
			name = "Supporting Files";
			sourceTree = "<group>";
		};
		38B3E3B81A23A7F10018F07D /* Meizhi-SwiftTests */ = {
			isa = PBXGroup;
			children = (
				38B3E3BB1A23A7F10018F07D /* Meizhi_SwiftTests.swift */,
				38B3E3B91A23A7F10018F07D /* Supporting Files */,
			);
			path = "Meizhi-SwiftTests";
			sourceTree = "<group>";
		};
		38B3E3B91A23A7F10018F07D /* Supporting Files */ = {
			isa = PBXGroup;
			children = (
				38B3E3BA1A23A7F10018F07D /* Info.plist */,
			);
			name = "Supporting Files";
			sourceTree = "<group>";
		};
		38B3E3C61A23A9D90018F07D /* Products */ = {
			isa = PBXGroup;
			children = (
				38B3E3CB1A23A9D90018F07D /* Alamofire.framework */,
				38B3E3CD1A23A9D90018F07D /* AlamofireTests.xctest */,
			);
			name = Products;
			sourceTree = "<group>";
		};
		38B3E3D11A2423580018F07D /* Resource */ = {
			isa = PBXGroup;
			children = (
				386261B81A27958300B7DE8F /* Images.xcassets */,
				386261B51A27957F00B7DE8F /* LaunchScreen.xib */,
			);
			path = Resource;
			sourceTree = "<group>";
		};
		38B3E3D21A2423580018F07D /* Scene */ = {
			isa = PBXGroup;
			children = (
				3862618B1A27620D00B7DE8F /* Loding */,
				38B3E3D61A2423AD0018F07D /* Cover  */,
				38B3E3D51A2423820018F07D /* Gallary */,
				38B3E3DD1A2426440018F07D /* BaseController.swift */,
				386261761A26264B00B7DE8F /* MeizhiObject.swift */,
			);
			path = Scene;
			sourceTree = "<group>";
		};
		38B3E3D31A2423580018F07D /* Tool */ = {
			isa = PBXGroup;
			children = (
				38B3E3DF1A242BA70018F07D /* Meizhi-Swift-Bridging-Header.h */,
			);
			path = Tool;
			sourceTree = "<group>";
		};
		38B3E3D41A2423580018F07D /* Vendor */ = {
			isa = PBXGroup;
			children = (
				386261A11A27817D00B7DE8F /* JTSImageViewController */,
				386261781A26338200B7DE8F /* SwipeView.h */,
				386261791A26338200B7DE8F /* SwipeView.m */,
			);
			path = Vendor;
			sourceTree = "<group>";
		};
		38B3E3D51A2423820018F07D /* Gallary */ = {
			isa = PBXGroup;
			children = (
				38B3E3D71A2425500018F07D /* Gallary.swift */,
				38B3E3DB1A2425FE0018F07D /* GallaryController.swift */,
				38D369E31A24E89F003A8364 /* GallaryCell.swift */,
				38D369EC1A24F8B5003A8364 /* GallaryViewLayout.swift */,
			);
			name = Gallary;
			sourceTree = "<group>";
		};
		38B3E3D61A2423AD0018F07D /* Cover  */ = {
			isa = PBXGroup;
			children = (
				38B3E3D91A24255B0018F07D /* Cover.swift */,
				386261721A2615D000B7DE8F /* CoverController.swift */,
				386261891A27181500B7DE8F /* CoverTableCell.swift */,
			);
			name = "Cover ";
			sourceTree = "<group>";
		};
		4752E9E69CC95D4587315AA5 /* Frameworks */ = {
			isa = PBXGroup;
			children = (
				823F5C50CEF0D2AD2A1BE79E /* libPods.a */,
			);
			name = Frameworks;
			sourceTree = "<group>";
		};
/* End PBXGroup section */

/* Begin PBXNativeTarget section */
		38B3E39F1A23A7F10018F07D /* Meizhi-Swift */ = {
			isa = PBXNativeTarget;
			buildConfigurationList = 38B3E3BF1A23A7F10018F07D /* Build configuration list for PBXNativeTarget "Meizhi-Swift" */;
			buildPhases = (
				4CB94AF5D3E08514E09DB31F /* Check Pods Manifest.lock */,
				38B3E39C1A23A7F10018F07D /* Sources */,
				38B3E39D1A23A7F10018F07D /* Frameworks */,
				38B3E39E1A23A7F10018F07D /* Resources */,
				9F0FB81142C2B482846B9A38 /* Copy Pods Resources */,
				38B3E3CF1A23AA650018F07D /* Copy Frameworks */,
			);
			buildRules = (
			);
			dependencies = (
			);
			name = "Meizhi-Swift";
			productName = "Meizhi-Swift";
			productReference = 38B3E3A01A23A7F10018F07D /* Meizhi-Swift.app */;
			productType = "com.apple.product-type.application";
		};
		38B3E3B41A23A7F10018F07D /* Meizhi-SwiftTests */ = {
			isa = PBXNativeTarget;
			buildConfigurationList = 38B3E3C21A23A7F10018F07D /* Build configuration list for PBXNativeTarget "Meizhi-SwiftTests" */;
			buildPhases = (
				38B3E3B11A23A7F10018F07D /* Sources */,
				38B3E3B21A23A7F10018F07D /* Frameworks */,
				38B3E3B31A23A7F10018F07D /* Resources */,
			);
			buildRules = (
			);
			dependencies = (
				38B3E3B71A23A7F10018F07D /* PBXTargetDependency */,
			);
			name = "Meizhi-SwiftTests";
			productName = "Meizhi-SwiftTests";
			productReference = 38B3E3B51A23A7F10018F07D /* Meizhi-SwiftTests.xctest */;
			productType = "com.apple.product-type.bundle.unit-test";
		};
/* End PBXNativeTarget section */

/* Begin PBXProject section */
		38B3E3981A23A7F10018F07D /* Project object */ = {
			isa = PBXProject;
			attributes = {
				LastUpgradeCheck = 0610;
				ORGANIZATIONNAME = kino;
				TargetAttributes = {
					38B3E39F1A23A7F10018F07D = {
						CreatedOnToolsVersion = 6.1;
					};
					38B3E3B41A23A7F10018F07D = {
						CreatedOnToolsVersion = 6.1;
						TestTargetID = 38B3E39F1A23A7F10018F07D;
					};
				};
			};
			buildConfigurationList = 38B3E39B1A23A7F10018F07D /* Build configuration list for PBXProject "Meizhi-Swift" */;
			compatibilityVersion = "Xcode 3.2";
			developmentRegion = English;
			hasScannedForEncodings = 0;
			knownRegions = (
				en,
				Base,
			);
			mainGroup = 38B3E3971A23A7F10018F07D;
			productRefGroup = 38B3E3A11A23A7F10018F07D /* Products */;
			projectDirPath = "";
			projectReferences = (
				{
					ProductGroup = 38B3E3C61A23A9D90018F07D /* Products */;
					ProjectRef = 38B3E3C51A23A9D90018F07D /* Alamofire.xcodeproj */;
				},
			);
			projectRoot = "";
			targets = (
				38B3E39F1A23A7F10018F07D /* Meizhi-Swift */,
				38B3E3B41A23A7F10018F07D /* Meizhi-SwiftTests */,
			);
		};
/* End PBXProject section */

/* Begin PBXReferenceProxy section */
		38B3E3CB1A23A9D90018F07D /* Alamofire.framework */ = {
			isa = PBXReferenceProxy;
			fileType = wrapper.framework;
			path = Alamofire.framework;
			remoteRef = 38B3E3CA1A23A9D90018F07D /* PBXContainerItemProxy */;
			sourceTree = BUILT_PRODUCTS_DIR;
		};
		38B3E3CD1A23A9D90018F07D /* AlamofireTests.xctest */ = {
			isa = PBXReferenceProxy;
			fileType = wrapper.cfbundle;
			path = AlamofireTests.xctest;
			remoteRef = 38B3E3CC1A23A9D90018F07D /* PBXContainerItemProxy */;
			sourceTree = BUILT_PRODUCTS_DIR;
		};
/* End PBXReferenceProxy section */

/* Begin PBXResourcesBuildPhase section */
		38B3E39E1A23A7F10018F07D /* Resources */ = {
			isa = PBXResourcesBuildPhase;
			buildActionMask = 2147483647;
			files = (
				386261B91A27958300B7DE8F /* Images.xcassets in Resources */,
				386261B71A27957F00B7DE8F /* LaunchScreen.xib in Resources */,
				38B3E3AB1A23A7F10018F07D /* Main.storyboard in Resources */,
			);
			runOnlyForDeploymentPostprocessing = 0;
		};
		38B3E3B31A23A7F10018F07D /* Resources */ = {
			isa = PBXResourcesBuildPhase;
			buildActionMask = 2147483647;
			files = (
			);
			runOnlyForDeploymentPostprocessing = 0;
		};
/* End PBXResourcesBuildPhase section */

/* Begin PBXShellScriptBuildPhase section */
		4CB94AF5D3E08514E09DB31F /* Check Pods Manifest.lock */ = {
			isa = PBXShellScriptBuildPhase;
			buildActionMask = 2147483647;
			files = (
			);
			inputPaths = (
			);
			name = "Check Pods Manifest.lock";
			outputPaths = (
			);
			runOnlyForDeploymentPostprocessing = 0;
			shellPath = /bin/sh;
			shellScript = "diff \"${PODS_ROOT}/../Podfile.lock\" \"${PODS_ROOT}/Manifest.lock\" > /dev/null\nif [[ $? != 0 ]] ; then\n    cat << EOM\nerror: The sandbox is not in sync with the Podfile.lock. Run 'pod install' or update your CocoaPods installation.\nEOM\n    exit 1\nfi\n";
			showEnvVarsInLog = 0;
		};
		9F0FB81142C2B482846B9A38 /* Copy Pods Resources */ = {
			isa = PBXShellScriptBuildPhase;
			buildActionMask = 2147483647;
			files = (
			);
			inputPaths = (
			);
			name = "Copy Pods Resources";
			outputPaths = (
			);
			runOnlyForDeploymentPostprocessing = 0;
			shellPath = /bin/sh;
			shellScript = "\"${SRCROOT}/Pods/Target Support Files/Pods/Pods-resources.sh\"\n";
			showEnvVarsInLog = 0;
		};
/* End PBXShellScriptBuildPhase section */

/* Begin PBXSourcesBuildPhase section */
		38B3E39C1A23A7F10018F07D /* Sources */ = {
			isa = PBXSourcesBuildPhase;
			buildActionMask = 2147483647;
			files = (
				386261771A26264B00B7DE8F /* MeizhiObject.swift in Sources */,
				3862617A1A26338200B7DE8F /* SwipeView.m in Sources */,
				386261AE1A27817D00B7DE8F /* JTSAnimatedGIFUtility.m in Sources */,
				38B3E3D81A2425500018F07D /* Gallary.swift in Sources */,
				386261B01A27817D00B7DE8F /* JTSImageViewController.m in Sources */,
				38B3E3DA1A24255B0018F07D /* Cover.swift in Sources */,
				38D369E41A24E89F003A8364 /* GallaryCell.swift in Sources */,
				3862618D1A27623D00B7DE8F /* LoadingView.swift in Sources */,
				386261AF1A27817D00B7DE8F /* JTSImageInfo.m in Sources */,
				386261B21A27817D00B7DE8F /* UIApplication+JTSImageViewController.m in Sources */,
				386261B31A27817D00B7DE8F /* UIImage+JTSImageEffects.m in Sources */,
				38B3E3DE1A2426440018F07D /* BaseController.swift in Sources */,
				386261731A2615D000B7DE8F /* CoverController.swift in Sources */,
				38B3E3DC1A2425FE0018F07D /* GallaryController.swift in Sources */,
				386261B11A27817D00B7DE8F /* JTSSimpleImageDownloader.m in Sources */,
				38B3E3A61A23A7F10018F07D /* AppDelegate.swift in Sources */,
				38D369ED1A24F8B5003A8364 /* GallaryViewLayout.swift in Sources */,
				3862618A1A27181500B7DE8F /* CoverTableCell.swift in Sources */,
			);
			runOnlyForDeploymentPostprocessing = 0;
		};
		38B3E3B11A23A7F10018F07D /* Sources */ = {
			isa = PBXSourcesBuildPhase;
			buildActionMask = 2147483647;
			files = (
				38B3E3BC1A23A7F10018F07D /* Meizhi_SwiftTests.swift in Sources */,
			);
			runOnlyForDeploymentPostprocessing = 0;
		};
/* End PBXSourcesBuildPhase section */

/* Begin PBXTargetDependency section */
		38B3E3B71A23A7F10018F07D /* PBXTargetDependency */ = {
			isa = PBXTargetDependency;
			target = 38B3E39F1A23A7F10018F07D /* Meizhi-Swift */;
			targetProxy = 38B3E3B61A23A7F10018F07D /* PBXContainerItemProxy */;
		};
/* End PBXTargetDependency section */

/* Begin PBXVariantGroup section */
		386261B51A27957F00B7DE8F /* LaunchScreen.xib */ = {
			isa = PBXVariantGroup;
			children = (
				386261B61A27957F00B7DE8F /* Base */,
			);
			name = LaunchScreen.xib;
			sourceTree = "<group>";
		};
		38B3E3A91A23A7F10018F07D /* Main.storyboard */ = {
			isa = PBXVariantGroup;
			children = (
				38B3E3AA1A23A7F10018F07D /* Base */,
			);
			name = Main.storyboard;
			sourceTree = "<group>";
		};
/* End PBXVariantGroup section */

/* Begin XCBuildConfiguration section */
		38B3E3BD1A23A7F10018F07D /* Debug */ = {
			isa = XCBuildConfiguration;
			buildSettings = {
				ALWAYS_SEARCH_USER_PATHS = NO;
				CLANG_CXX_LANGUAGE_STANDARD = "gnu++0x";
				CLANG_CXX_LIBRARY = "libc++";
				CLANG_ENABLE_MODULES = YES;
				CLANG_ENABLE_OBJC_ARC = YES;
				CLANG_WARN_BOOL_CONVERSION = YES;
				CLANG_WARN_CONSTANT_CONVERSION = YES;
				CLANG_WARN_DIRECT_OBJC_ISA_USAGE = YES_ERROR;
				CLANG_WARN_EMPTY_BODY = YES;
				CLANG_WARN_ENUM_CONVERSION = YES;
				CLANG_WARN_INT_CONVERSION = YES;
				CLANG_WARN_OBJC_ROOT_CLASS = YES_ERROR;
				CLANG_WARN_UNREACHABLE_CODE = YES;
				CLANG_WARN__DUPLICATE_METHOD_MATCH = YES;
				"CODE_SIGN_IDENTITY[sdk=iphoneos*]" = "iPhone Developer";
				COPY_PHASE_STRIP = NO;
				ENABLE_STRICT_OBJC_MSGSEND = YES;
				GCC_C_LANGUAGE_STANDARD = gnu99;
				GCC_DYNAMIC_NO_PIC = NO;
				GCC_OPTIMIZATION_LEVEL = 0;
				GCC_PREPROCESSOR_DEFINITIONS = (
					"DEBUG=1",
					"$(inherited)",
				);
				GCC_SYMBOLS_PRIVATE_EXTERN = NO;
				GCC_WARN_64_TO_32_BIT_CONVERSION = YES;
				GCC_WARN_ABOUT_RETURN_TYPE = YES_ERROR;
				GCC_WARN_UNDECLARED_SELECTOR = YES;
				GCC_WARN_UNINITIALIZED_AUTOS = YES_AGGRESSIVE;
				GCC_WARN_UNUSED_FUNCTION = YES;
				GCC_WARN_UNUSED_VARIABLE = YES;
				IPHONEOS_DEPLOYMENT_TARGET = 7.0;
				MTL_ENABLE_DEBUG_INFO = YES;
				ONLY_ACTIVE_ARCH = YES;
				SDKROOT = iphoneos;
				SWIFT_OPTIMIZATION_LEVEL = "-Onone";
			};
			name = Debug;
		};
		38B3E3BE1A23A7F10018F07D /* Release */ = {
			isa = XCBuildConfiguration;
			buildSettings = {
				ALWAYS_SEARCH_USER_PATHS = NO;
				CLANG_CXX_LANGUAGE_STANDARD = "gnu++0x";
				CLANG_CXX_LIBRARY = "libc++";
				CLANG_ENABLE_MODULES = YES;
				CLANG_ENABLE_OBJC_ARC = YES;
				CLANG_WARN_BOOL_CONVERSION = YES;
				CLANG_WARN_CONSTANT_CONVERSION = YES;
				CLANG_WARN_DIRECT_OBJC_ISA_USAGE = YES_ERROR;
				CLANG_WARN_EMPTY_BODY = YES;
				CLANG_WARN_ENUM_CONVERSION = YES;
				CLANG_WARN_INT_CONVERSION = YES;
				CLANG_WARN_OBJC_ROOT_CLASS = YES_ERROR;
				CLANG_WARN_UNREACHABLE_CODE = YES;
				CLANG_WARN__DUPLICATE_METHOD_MATCH = YES;
				"CODE_SIGN_IDENTITY[sdk=iphoneos*]" = "iPhone Developer";
				COPY_PHASE_STRIP = YES;
				ENABLE_NS_ASSERTIONS = NO;
				ENABLE_STRICT_OBJC_MSGSEND = YES;
				GCC_C_LANGUAGE_STANDARD = gnu99;
				GCC_WARN_64_TO_32_BIT_CONVERSION = YES;
				GCC_WARN_ABOUT_RETURN_TYPE = YES_ERROR;
				GCC_WARN_UNDECLARED_SELECTOR = YES;
				GCC_WARN_UNINITIALIZED_AUTOS = YES_AGGRESSIVE;
				GCC_WARN_UNUSED_FUNCTION = YES;
				GCC_WARN_UNUSED_VARIABLE = YES;
				IPHONEOS_DEPLOYMENT_TARGET = 7.0;
				MTL_ENABLE_DEBUG_INFO = NO;
				SDKROOT = iphoneos;
				VALIDATE_PRODUCT = YES;
			};
			name = Release;
		};
		38B3E3C01A23A7F10018F07D /* Debug */ = {
			isa = XCBuildConfiguration;
			baseConfigurationReference = 707B846CCF39D5AA4DA0A12A /* Pods.debug.xcconfig */;
			buildSettings = {
				ASSETCATALOG_COMPILER_APPICON_NAME = AppIcon;
				CLANG_ENABLE_MODULES = YES;
				INFOPLIST_FILE = "Meizhi-Swift/Info.plist";
				IPHONEOS_DEPLOYMENT_TARGET = 8.0;
				LD_RUNPATH_SEARCH_PATHS = "$(inherited) @executable_path/Frameworks";
				PRODUCT_NAME = "$(TARGET_NAME)";
				SWIFT_OBJC_BRIDGING_HEADER = "Meizhi-Swift/Tool/Meizhi-Swift-Bridging-Header.h";
				SWIFT_OPTIMIZATION_LEVEL = "-Onone";
				TARGETED_DEVICE_FAMILY = 1;
			};
			name = Debug;
		};
		38B3E3C11A23A7F10018F07D /* Release */ = {
			isa = XCBuildConfiguration;
			baseConfigurationReference = F8ED673EA89167307A38088B /* Pods.release.xcconfig */;
			buildSettings = {
				ASSETCATALOG_COMPILER_APPICON_NAME = AppIcon;
				CLANG_ENABLE_MODULES = YES;
				INFOPLIST_FILE = "Meizhi-Swift/Info.plist";
				IPHONEOS_DEPLOYMENT_TARGET = 8.0;
				LD_RUNPATH_SEARCH_PATHS = "$(inherited) @executable_path/Frameworks";
				PRODUCT_NAME = "$(TARGET_NAME)";
				SWIFT_OBJC_BRIDGING_HEADER = "Meizhi-Swift/Tool/Meizhi-Swift-Bridging-Header.h";
				TARGETED_DEVICE_FAMILY = 1;
			};
			name = Release;
		};
		38B3E3C31A23A7F10018F07D /* Debug */ = {
			isa = XCBuildConfiguration;
			buildSettings = {
				BUNDLE_LOADER = "$(TEST_HOST)";
				FRAMEWORK_SEARCH_PATHS = (
					"$(SDKROOT)/Developer/Library/Frameworks",
					"$(inherited)",
				);
				GCC_PREPROCESSOR_DEFINITIONS = (
					"DEBUG=1",
					"$(inherited)",
				);
				INFOPLIST_FILE = "Meizhi-SwiftTests/Info.plist";
				LD_RUNPATH_SEARCH_PATHS = "$(inherited) @executable_path/Frameworks @loader_path/Frameworks";
				PRODUCT_NAME = "$(TARGET_NAME)";
				TEST_HOST = "$(BUILT_PRODUCTS_DIR)/Meizhi-Swift.app/Meizhi-Swift";
			};
			name = Debug;
		};
		38B3E3C41A23A7F10018F07D /* Release */ = {
			isa = XCBuildConfiguration;
			buildSettings = {
				BUNDLE_LOADER = "$(TEST_HOST)";
				FRAMEWORK_SEARCH_PATHS = (
					"$(SDKROOT)/Developer/Library/Frameworks",
					"$(inherited)",
				);
				INFOPLIST_FILE = "Meizhi-SwiftTests/Info.plist";
				LD_RUNPATH_SEARCH_PATHS = "$(inherited) @executable_path/Frameworks @loader_path/Frameworks";
				PRODUCT_NAME = "$(TARGET_NAME)";
				TEST_HOST = "$(BUILT_PRODUCTS_DIR)/Meizhi-Swift.app/Meizhi-Swift";
			};
			name = Release;
		};
/* End XCBuildConfiguration section */

/* Begin XCConfigurationList section */
		38B3E39B1A23A7F10018F07D /* Build configuration list for PBXProject "Meizhi-Swift" */ = {
			isa = XCConfigurationList;
			buildConfigurations = (
				38B3E3BD1A23A7F10018F07D /* Debug */,
				38B3E3BE1A23A7F10018F07D /* Release */,
			);
			defaultConfigurationIsVisible = 0;
			defaultConfigurationName = Release;
		};
		38B3E3BF1A23A7F10018F07D /* Build configuration list for PBXNativeTarget "Meizhi-Swift" */ = {
			isa = XCConfigurationList;
			buildConfigurations = (
				38B3E3C01A23A7F10018F07D /* Debug */,
				38B3E3C11A23A7F10018F07D /* Release */,
			);
			defaultConfigurationIsVisible = 0;
			defaultConfigurationName = Release;
		};
		38B3E3C21A23A7F10018F07D /* Build configuration list for PBXNativeTarget "Meizhi-SwiftTests" */ = {
			isa = XCConfigurationList;
			buildConfigurations = (
				38B3E3C31A23A7F10018F07D /* Debug */,
				38B3E3C41A23A7F10018F07D /* Release */,
			);
			defaultConfigurationIsVisible = 0;
			defaultConfigurationName = Release;
		};
/* End XCConfigurationList section */
	};
	rootObject = 38B3E3981A23A7F10018F07D /* Project object */;
}
